
Microsoft Visual Studio Solution File, Format Version 12.00
# Visual Studio Version 16
VisualStudioVersion = 16.0.29519.87
MinimumVisualStudioVersion = 10.0.40219.1
Project("{9A19103F-16F7-4668-BE54-9A1E7A4F7556}") = "AreaUnderAGraph", "AreaUnderAGraph\AreaUnderAGraph.csproj", "{C243AD64-FE72-4E41-B153-E86AD178E938}"
EndProject
Project("{FAE04EC0-301F-11D3-BF4B-00C04F79EFBC}") = "Tests", "Tests\Tests.csproj", "{AC8528C8-F9C4-4B0F-A2A0-E693BD607BEB}"
EndProject
Global
	GlobalSection(SolutionConfigurationPlatforms) = preSolution
		Debug|Any CPU = Debug|Any CPU
		Release|Any CPU = Release|Any CPU
	EndGlobalSection
	GlobalSection(ProjectConfigurationPlatforms) = postSolution
		{C243AD64-FE72-4E41-B153-E86AD178E938}.Debug|Any CPU.ActiveCfg = Debug|Any CPU
		{C243AD64-FE72-4E41-B153-E86AD178E938}.Debug|Any CPU.Build.0 = Debug|Any CPU
		{C243AD64-FE72-4E41-B153-E86AD178E938}.Release|Any CPU.ActiveCfg = Release|Any CPU
		{C243AD64-FE72-4E41-B153-E86AD178E938}.Release|Any CPU.Build.0 = Release|Any CPU
		{AC8528C8-F9C4-4B0F-A2A0-E693BD607BEB}.Debug|Any CPU.ActiveCfg = Debug|Any CPU
		{AC8528C8-F9C4-4B0F-A2A0-E693BD607BEB}.Debug|Any CPU.Build.0 = Debug|Any CPU
		{AC8528C8-F9C4-4B0F-A2A0-E693BD607BEB}.Release|Any CPU.ActiveCfg = Release|Any CPU
		{AC8528C8-F9C4-4B0F-A2A0-E693BD607BEB}.Release|Any CPU.Build.0 = Release|Any CPU
	EndGlobalSection
	GlobalSection(SolutionProperties) = preSolution
		HideSolutionNode = FALSE
	EndGlobalSection
	GlobalSection(ExtensibilityGlobals) = postSolution
		SolutionGuid = {A5F2D059-ED30-4799-8395-39E36FDB2D17}
	EndGlobalSection
EndGlobal
