
Microsoft Visual Studio Solution File, Format Version 12.00
# Visual Studio Version 16
VisualStudioVersion = 16.0.29519.87
MinimumVisualStudioVersion = 10.0.40219.1
Project("{FAE04EC0-301F-11D3-BF4B-00C04F79EFBC}") = "XMLSerialization", "Serialization\XMLSerialization.csproj", "{0D6E5B53-D786-4531-A413-58D1EDB30E0D}"
EndProject
Project("{FAE04EC0-301F-11D3-BF4B-00C04F79EFBC}") = "JSONSerialization", "JSONSerialization\JSONSerialization.csproj", "{F3639CB5-E026-4191-85FC-BCA36FAD2F3C}"
EndProject
Project("{FAE04EC0-301F-11D3-BF4B-00C04F79EFBC}") = "BinarySerialization", "BinarySerialization\BinarySerialization.csproj", "{B47DA5FA-9A3D-4E9E-88B6-FABDEEA086AC}"
EndProject
Global
	GlobalSection(SolutionConfigurationPlatforms) = preSolution
		Debug|Any CPU = Debug|Any CPU
		Release|Any CPU = Release|Any CPU
	EndGlobalSection
	GlobalSection(ProjectConfigurationPlatforms) = postSolution
		{0D6E5B53-D786-4531-A413-58D1EDB30E0D}.Debug|Any CPU.ActiveCfg = Debug|Any CPU
		{0D6E5B53-D786-4531-A413-58D1EDB30E0D}.Debug|Any CPU.Build.0 = Debug|Any CPU
		{0D6E5B53-D786-4531-A413-58D1EDB30E0D}.Release|Any CPU.ActiveCfg = Release|Any CPU
		{0D6E5B53-D786-4531-A413-58D1EDB30E0D}.Release|Any CPU.Build.0 = Release|Any CPU
		{F3639CB5-E026-4191-85FC-BCA36FAD2F3C}.Debug|Any CPU.ActiveCfg = Debug|Any CPU
		{F3639CB5-E026-4191-85FC-BCA36FAD2F3C}.Debug|Any CPU.Build.0 = Debug|Any CPU
		{F3639CB5-E026-4191-85FC-BCA36FAD2F3C}.Release|Any CPU.ActiveCfg = Release|Any CPU
		{F3639CB5-E026-4191-85FC-BCA36FAD2F3C}.Release|Any CPU.Build.0 = Release|Any CPU
		{B47DA5FA-9A3D-4E9E-88B6-FABDEEA086AC}.Debug|Any CPU.ActiveCfg = Debug|Any CPU
		{B47DA5FA-9A3D-4E9E-88B6-FABDEEA086AC}.Debug|Any CPU.Build.0 = Debug|Any CPU
		{B47DA5FA-9A3D-4E9E-88B6-FABDEEA086AC}.Release|Any CPU.ActiveCfg = Release|Any CPU
		{B47DA5FA-9A3D-4E9E-88B6-FABDEEA086AC}.Release|Any CPU.Build.0 = Release|Any CPU
	EndGlobalSection
	GlobalSection(SolutionProperties) = preSolution
		HideSolutionNode = FALSE
	EndGlobalSection
	GlobalSection(ExtensibilityGlobals) = postSolution
		SolutionGuid = {691A82DA-0EF4-4454-90E1-1181BB14EEC3}
	EndGlobalSection
EndGlobal
