
Microsoft Visual Studio Solution File, Format Version 12.00
# Visual Studio Version 16
VisualStudioVersion = 16.0.29519.87
MinimumVisualStudioVersion = 10.0.40219.1
Project("{9A19103F-16F7-4668-BE54-9A1E7A4F7556}") = "App", "App\App.csproj", "{894EE1E9-6F12-4EDB-A22E-8C8789BDAD15}"
EndProject
Project("{FAE04EC0-301F-11D3-BF4B-00C04F79EFBC}") = "NUnitTests", "NUnitTests\NUnitTests.csproj", "{C8D3F187-8817-4B1B-9330-11AA63BB8BC6}"
EndProject
Global
	GlobalSection(SolutionConfigurationPlatforms) = preSolution
		Debug|Any CPU = Debug|Any CPU
		Release|Any CPU = Release|Any CPU
	EndGlobalSection
	GlobalSection(ProjectConfigurationPlatforms) = postSolution
		{894EE1E9-6F12-4EDB-A22E-8C8789BDAD15}.Debug|Any CPU.ActiveCfg = Debug|Any CPU
		{894EE1E9-6F12-4EDB-A22E-8C8789BDAD15}.Debug|Any CPU.Build.0 = Debug|Any CPU
		{894EE1E9-6F12-4EDB-A22E-8C8789BDAD15}.Release|Any CPU.ActiveCfg = Release|Any CPU
		{894EE1E9-6F12-4EDB-A22E-8C8789BDAD15}.Release|Any CPU.Build.0 = Release|Any CPU
		{C8D3F187-8817-4B1B-9330-11AA63BB8BC6}.Debug|Any CPU.ActiveCfg = Debug|Any CPU
		{C8D3F187-8817-4B1B-9330-11AA63BB8BC6}.Debug|Any CPU.Build.0 = Debug|Any CPU
		{C8D3F187-8817-4B1B-9330-11AA63BB8BC6}.Release|Any CPU.ActiveCfg = Release|Any CPU
		{C8D3F187-8817-4B1B-9330-11AA63BB8BC6}.Release|Any CPU.Build.0 = Release|Any CPU
	EndGlobalSection
	GlobalSection(SolutionProperties) = preSolution
		HideSolutionNode = FALSE
	EndGlobalSection
	GlobalSection(ExtensibilityGlobals) = postSolution
		SolutionGuid = {A875A326-7A80-4838-B283-E0F56AFC0594}
	EndGlobalSection
EndGlobal
